
Microsoft Visual Studio Solution File, Format Version 12.00
# Visual Studio 14
VisualStudioVersion = 14.0.25420.1
MinimumVisualStudioVersion = 10.0.40219.1
Project("{FAE04EC0-301F-11D3-BF4B-00C04F79EFBC}") = "Projeto", "Projeto\Projeto.csproj", "{E769970C-7A21-409E-AC3F-89F1A2A50560}"
EndProject
Project("{FAE04EC0-301F-11D3-BF4B-00C04F79EFBC}") = "Controller", "Controller\Controller.csproj", "{4C1E7954-7ACE-4324-9080-3E8FEAC89E76}"
EndProject
Project("{FAE04EC0-301F-11D3-BF4B-00C04F79EFBC}") = "Model", "Model\Model.csproj", "{D1BBF79F-CCB4-4B01-B126-0C971230DD68}"
EndProject
Project("{FAE04EC0-301F-11D3-BF4B-00C04F79EFBC}") = "View", "View\View.csproj", "{0C0B6CF4-4F1A-42D4-869A-E22F05C9CC9B}"
EndProject
Global
	GlobalSection(SolutionConfigurationPlatforms) = preSolution
		Debug|Any CPU = Debug|Any CPU
		Release|Any CPU = Release|Any CPU
	EndGlobalSection
	GlobalSection(ProjectConfigurationPlatforms) = postSolution
		{E769970C-7A21-409E-AC3F-89F1A2A50560}.Debug|Any CPU.ActiveCfg = Debug|Any CPU
		{E769970C-7A21-409E-AC3F-89F1A2A50560}.Debug|Any CPU.Build.0 = Debug|Any CPU
		{E769970C-7A21-409E-AC3F-89F1A2A50560}.Release|Any CPU.ActiveCfg = Release|Any CPU
		{E769970C-7A21-409E-AC3F-89F1A2A50560}.Release|Any CPU.Build.0 = Release|Any CPU
		{4C1E7954-7ACE-4324-9080-3E8FEAC89E76}.Debug|Any CPU.ActiveCfg = Debug|Any CPU
		{4C1E7954-7ACE-4324-9080-3E8FEAC89E76}.Debug|Any CPU.Build.0 = Debug|Any CPU
		{4C1E7954-7ACE-4324-9080-3E8FEAC89E76}.Release|Any CPU.ActiveCfg = Release|Any CPU
		{4C1E7954-7ACE-4324-9080-3E8FEAC89E76}.Release|Any CPU.Build.0 = Release|Any CPU
		{D1BBF79F-CCB4-4B01-B126-0C971230DD68}.Debug|Any CPU.ActiveCfg = Debug|Any CPU
		{D1BBF79F-CCB4-4B01-B126-0C971230DD68}.Debug|Any CPU.Build.0 = Debug|Any CPU
		{D1BBF79F-CCB4-4B01-B126-0C971230DD68}.Release|Any CPU.ActiveCfg = Release|Any CPU
		{D1BBF79F-CCB4-4B01-B126-0C971230DD68}.Release|Any CPU.Build.0 = Release|Any CPU
		{0C0B6CF4-4F1A-42D4-869A-E22F05C9CC9B}.Debug|Any CPU.ActiveCfg = Debug|Any CPU
		{0C0B6CF4-4F1A-42D4-869A-E22F05C9CC9B}.Debug|Any CPU.Build.0 = Debug|Any CPU
		{0C0B6CF4-4F1A-42D4-869A-E22F05C9CC9B}.Release|Any CPU.ActiveCfg = Release|Any CPU
		{0C0B6CF4-4F1A-42D4-869A-E22F05C9CC9B}.Release|Any CPU.Build.0 = Release|Any CPU
	EndGlobalSection
	GlobalSection(SolutionProperties) = preSolution
		HideSolutionNode = FALSE
	EndGlobalSection
EndGlobal
